
Microsoft Visual Studio Solution File, Format Version 12.00
# Visual Studio Version 17
VisualStudioVersion = 17.4.33110.190
MinimumVisualStudioVersion = 10.0.40219.1
Project("{9A19103F-16F7-4668-BE54-9A1E7A4F7556}") = "FiapSmartCity", "FiapSmartCity\FiapSmartCity.csproj", "{B9CB2671-CE6F-4E1A-812E-AA3B88207995}"
EndProject
Global
	GlobalSection(SolutionConfigurationPlatforms) = preSolution
		Debug|Any CPU = Debug|Any CPU
		Release|Any CPU = Release|Any CPU
	EndGlobalSection
	GlobalSection(ProjectConfigurationPlatforms) = postSolution
		{B9CB2671-CE6F-4E1A-812E-AA3B88207995}.Debug|Any CPU.ActiveCfg = Debug|Any CPU
		{B9CB2671-CE6F-4E1A-812E-AA3B88207995}.Debug|Any CPU.Build.0 = Debug|Any CPU
		{B9CB2671-CE6F-4E1A-812E-AA3B88207995}.Release|Any CPU.ActiveCfg = Release|Any CPU
		{B9CB2671-CE6F-4E1A-812E-AA3B88207995}.Release|Any CPU.Build.0 = Release|Any CPU
	EndGlobalSection
	GlobalSection(SolutionProperties) = preSolution
		HideSolutionNode = FALSE
	EndGlobalSection
	GlobalSection(ExtensibilityGlobals) = postSolution
		SolutionGuid = {F5CF5894-9559-4AC8-8E67-156C22771738}
	EndGlobalSection
EndGlobal
